
Microsoft Visual Studio Solution File, Format Version 12.00
# Visual Studio Version 17
VisualStudioVersion = 17.7.34031.279
MinimumVisualStudioVersion = 10.0.40219.1
Project("{9A19103F-16F7-4668-BE54-9A1E7A4F7556}") = "PaperlessRestService", "PaperlessRestService\PaperlessRestService.csproj", "{9DFF07F7-3C63-47BA-96F0-43FF677BF8F4}"
EndProject
Project("{FAE04EC0-301F-11D3-BF4B-00C04F79EFBC}") = "PaperlessRestService.BusinessLogic.Entities", "PaperlessRestService.BusinessLogic.Entities\PaperlessRestService.BusinessLogic.Entities.csproj", "{8F8BA57D-4310-4F40-8A03-D3D1AB99368A}"
EndProject
Project("{FAE04EC0-301F-11D3-BF4B-00C04F79EFBC}") = "PaperlessRestService.BusinessLogic.Interfaces", "PaperlessRestService.BusinessLogic.Interfaces\PaperlessRestService.BusinessLogic.Interfaces.csproj", "{29C8E227-06EA-4162-868E-3BBF907078C7}"
EndProject
Project("{FAE04EC0-301F-11D3-BF4B-00C04F79EFBC}") = "PaperlessRestService.BusinessLogic.Tests", "PaperlessRestService.BusinessLogic.Tests\PaperlessRestService.BusinessLogic.Tests.csproj", "{8E298DA1-F62D-4F89-8D70-CD949048A134}"
EndProject
Project("{FAE04EC0-301F-11D3-BF4B-00C04F79EFBC}") = "PaperlessRestService.BusinessLogic", "PaperlessRestService.BusinessLogic\PaperlessRestService.BusinessLogic.csproj", "{215733AF-0CA8-458C-9302-6D9C6CDBE1B8}"
EndProject
Global
	GlobalSection(SolutionConfigurationPlatforms) = preSolution
		Debug|Any CPU = Debug|Any CPU
		Release|Any CPU = Release|Any CPU
	EndGlobalSection
	GlobalSection(ProjectConfigurationPlatforms) = postSolution
		{9DFF07F7-3C63-47BA-96F0-43FF677BF8F4}.Debug|Any CPU.ActiveCfg = Debug|Any CPU
		{9DFF07F7-3C63-47BA-96F0-43FF677BF8F4}.Debug|Any CPU.Build.0 = Debug|Any CPU
		{9DFF07F7-3C63-47BA-96F0-43FF677BF8F4}.Release|Any CPU.ActiveCfg = Release|Any CPU
		{9DFF07F7-3C63-47BA-96F0-43FF677BF8F4}.Release|Any CPU.Build.0 = Release|Any CPU
		{8F8BA57D-4310-4F40-8A03-D3D1AB99368A}.Debug|Any CPU.ActiveCfg = Debug|Any CPU
		{8F8BA57D-4310-4F40-8A03-D3D1AB99368A}.Debug|Any CPU.Build.0 = Debug|Any CPU
		{8F8BA57D-4310-4F40-8A03-D3D1AB99368A}.Release|Any CPU.ActiveCfg = Release|Any CPU
		{8F8BA57D-4310-4F40-8A03-D3D1AB99368A}.Release|Any CPU.Build.0 = Release|Any CPU
		{29C8E227-06EA-4162-868E-3BBF907078C7}.Debug|Any CPU.ActiveCfg = Debug|Any CPU
		{29C8E227-06EA-4162-868E-3BBF907078C7}.Debug|Any CPU.Build.0 = Debug|Any CPU
		{29C8E227-06EA-4162-868E-3BBF907078C7}.Release|Any CPU.ActiveCfg = Release|Any CPU
		{29C8E227-06EA-4162-868E-3BBF907078C7}.Release|Any CPU.Build.0 = Release|Any CPU
		{8E298DA1-F62D-4F89-8D70-CD949048A134}.Debug|Any CPU.ActiveCfg = Debug|Any CPU
		{8E298DA1-F62D-4F89-8D70-CD949048A134}.Debug|Any CPU.Build.0 = Debug|Any CPU
		{8E298DA1-F62D-4F89-8D70-CD949048A134}.Release|Any CPU.ActiveCfg = Release|Any CPU
		{8E298DA1-F62D-4F89-8D70-CD949048A134}.Release|Any CPU.Build.0 = Release|Any CPU
		{215733AF-0CA8-458C-9302-6D9C6CDBE1B8}.Debug|Any CPU.ActiveCfg = Debug|Any CPU
		{215733AF-0CA8-458C-9302-6D9C6CDBE1B8}.Debug|Any CPU.Build.0 = Debug|Any CPU
		{215733AF-0CA8-458C-9302-6D9C6CDBE1B8}.Release|Any CPU.ActiveCfg = Release|Any CPU
		{215733AF-0CA8-458C-9302-6D9C6CDBE1B8}.Release|Any CPU.Build.0 = Release|Any CPU
	EndGlobalSection
	GlobalSection(SolutionProperties) = preSolution
		HideSolutionNode = FALSE
	EndGlobalSection
	GlobalSection(ExtensibilityGlobals) = postSolution
		SolutionGuid = {44153F3B-35E3-4166-BDDC-5854E65818AC}
	EndGlobalSection
EndGlobal
